// !$*UTF8*$!
{
	archiveVersion = 1;
	classes = {
	};
	objectVersion = 50;
	objects = {

/* Begin PBXBuildFile section */
		5A74A3D92414160A00547D8F /* main.swift in Sources */ = {isa = PBXBuildFile; fileRef = 5A74A3D82414160A00547D8F /* main.swift */; };
		5A74A3E42414164900547D8F /* main.swift in Sources */ = {isa = PBXBuildFile; fileRef = 5A74A3E32414164900547D8F /* main.swift */; };
		5A74A3EF2414168200547D8F /* main.swift in Sources */ = {isa = PBXBuildFile; fileRef = 5A74A3EE2414168200547D8F /* main.swift */; };
		5A74A3FA2414169A00547D8F /* main.swift in Sources */ = {isa = PBXBuildFile; fileRef = 5A74A3F92414169A00547D8F /* main.swift */; };
		5A74A405241416AF00547D8F /* main.swift in Sources */ = {isa = PBXBuildFile; fileRef = 5A74A404241416AF00547D8F /* main.swift */; };
/* End PBXBuildFile section */

/* Begin PBXCopyFilesBuildPhase section */
		5A74A3D42414160A00547D8F /* CopyFiles */ = {
			isa = PBXCopyFilesBuildPhase;
			buildActionMask = 2147483647;
			dstPath = /usr/share/man/man1/;
			dstSubfolderSpec = 0;
			files = (
			);
			runOnlyForDeploymentPostprocessing = 1;
		};
		5A74A3DF2414164900547D8F /* CopyFiles */ = {
			isa = PBXCopyFilesBuildPhase;
			buildActionMask = 2147483647;
			dstPath = /usr/share/man/man1/;
			dstSubfolderSpec = 0;
			files = (
			);
			runOnlyForDeploymentPostprocessing = 1;
		};
		5A74A3EA2414168200547D8F /* CopyFiles */ = {
			isa = PBXCopyFilesBuildPhase;
			buildActionMask = 2147483647;
			dstPath = /usr/share/man/man1/;
			dstSubfolderSpec = 0;
			files = (
			);
			runOnlyForDeploymentPostprocessing = 1;
		};
		5A74A3F52414169A00547D8F /* CopyFiles */ = {
			isa = PBXCopyFilesBuildPhase;
			buildActionMask = 2147483647;
			dstPath = /usr/share/man/man1/;
			dstSubfolderSpec = 0;
			files = (
			);
			runOnlyForDeploymentPostprocessing = 1;
		};
		5A74A400241416AF00547D8F /* CopyFiles */ = {
			isa = PBXCopyFilesBuildPhase;
			buildActionMask = 2147483647;
			dstPath = /usr/share/man/man1/;
			dstSubfolderSpec = 0;
			files = (
			);
			runOnlyForDeploymentPostprocessing = 1;
		};
/* End PBXCopyFilesBuildPhase section */

/* Begin PBXFileReference section */
		5A74A3D62414160A00547D8F /* 2D Array - DS */ = {isa = PBXFileReference; explicitFileType = "compiled.mach-o.executable"; includeInIndex = 0; path = "2D Array - DS"; sourceTree = BUILT_PRODUCTS_DIR; };
		5A74A3D82414160A00547D8F /* main.swift */ = {isa = PBXFileReference; lastKnownFileType = sourcecode.swift; path = main.swift; sourceTree = "<group>"; };
		5A74A3E12414164900547D8F /* Arrays: Left Rotation */ = {isa = PBXFileReference; explicitFileType = "compiled.mach-o.executable"; includeInIndex = 0; path = "Arrays: Left Rotation"; sourceTree = BUILT_PRODUCTS_DIR; };
		5A74A3E32414164900547D8F /* main.swift */ = {isa = PBXFileReference; lastKnownFileType = sourcecode.swift; path = main.swift; sourceTree = "<group>"; };
		5A74A3EC2414168200547D8F /* New Year Chaos */ = {isa = PBXFileReference; explicitFileType = "compiled.mach-o.executable"; includeInIndex = 0; path = "New Year Chaos"; sourceTree = BUILT_PRODUCTS_DIR; };
		5A74A3EE2414168200547D8F /* main.swift */ = {isa = PBXFileReference; lastKnownFileType = sourcecode.swift; path = main.swift; sourceTree = "<group>"; };
		5A74A3F72414169A00547D8F /* Minimum Swaps 2 */ = {isa = PBXFileReference; explicitFileType = "compiled.mach-o.executable"; includeInIndex = 0; path = "Minimum Swaps 2"; sourceTree = BUILT_PRODUCTS_DIR; };
		5A74A3F92414169A00547D8F /* main.swift */ = {isa = PBXFileReference; lastKnownFileType = sourcecode.swift; path = main.swift; sourceTree = "<group>"; };
		5A74A402241416AF00547D8F /* Array Manipulation */ = {isa = PBXFileReference; explicitFileType = "compiled.mach-o.executable"; includeInIndex = 0; path = "Array Manipulation"; sourceTree = BUILT_PRODUCTS_DIR; };
		5A74A404241416AF00547D8F /* main.swift */ = {isa = PBXFileReference; lastKnownFileType = sourcecode.swift; path = main.swift; sourceTree = "<group>"; };
/* End PBXFileReference section */

/* Begin PBXFrameworksBuildPhase section */
		5A74A3D32414160A00547D8F /* Frameworks */ = {
			isa = PBXFrameworksBuildPhase;
			buildActionMask = 2147483647;
			files = (
			);
			runOnlyForDeploymentPostprocessing = 0;
		};
		5A74A3DE2414164900547D8F /* Frameworks */ = {
			isa = PBXFrameworksBuildPhase;
			buildActionMask = 2147483647;
			files = (
			);
			runOnlyForDeploymentPostprocessing = 0;
		};
		5A74A3E92414168200547D8F /* Frameworks */ = {
			isa = PBXFrameworksBuildPhase;
			buildActionMask = 2147483647;
			files = (
			);
			runOnlyForDeploymentPostprocessing = 0;
		};
		5A74A3F42414169A00547D8F /* Frameworks */ = {
			isa = PBXFrameworksBuildPhase;
			buildActionMask = 2147483647;
			files = (
			);
			runOnlyForDeploymentPostprocessing = 0;
		};
		5A74A3FF241416AF00547D8F /* Frameworks */ = {
			isa = PBXFrameworksBuildPhase;
			buildActionMask = 2147483647;
			files = (
			);
			runOnlyForDeploymentPostprocessing = 0;
		};
/* End PBXFrameworksBuildPhase section */

/* Begin PBXGroup section */
		5A74A3BF241415C000547D8F = {
			isa = PBXGroup;
			children = (
				5A74A3D72414160A00547D8F /* 2D Array - DS */,
				5A74A403241416AF00547D8F /* Array Manipulation */,
				5A74A3E22414164900547D8F /* Arrays: Left Rotation */,
				5A74A3F82414169A00547D8F /* Minimum Swaps 2 */,
				5A74A3ED2414168200547D8F /* New Year Chaos */,
				5A74A3C9241415C000547D8F /* Products */,
			);
			sourceTree = "<group>";
		};
		5A74A3C9241415C000547D8F /* Products */ = {
			isa = PBXGroup;
			children = (
				5A74A3D62414160A00547D8F /* 2D Array - DS */,
				5A74A3E12414164900547D8F /* Arrays: Left Rotation */,
				5A74A3EC2414168200547D8F /* New Year Chaos */,
				5A74A3F72414169A00547D8F /* Minimum Swaps 2 */,
				5A74A402241416AF00547D8F /* Array Manipulation */,
			);
			name = Products;
			sourceTree = "<group>";
		};
		5A74A3D72414160A00547D8F /* 2D Array - DS */ = {
			isa = PBXGroup;
			children = (
				5A74A3D82414160A00547D8F /* main.swift */,
			);
			path = "2D Array - DS";
			sourceTree = "<group>";
		};
		5A74A3E22414164900547D8F /* Arrays: Left Rotation */ = {
			isa = PBXGroup;
			children = (
				5A74A3E32414164900547D8F /* main.swift */,
			);
			path = "Arrays: Left Rotation";
			sourceTree = "<group>";
		};
		5A74A3ED2414168200547D8F /* New Year Chaos */ = {
			isa = PBXGroup;
			children = (
				5A74A3EE2414168200547D8F /* main.swift */,
			);
			path = "New Year Chaos";
			sourceTree = "<group>";
		};
		5A74A3F82414169A00547D8F /* Minimum Swaps 2 */ = {
			isa = PBXGroup;
			children = (
				5A74A3F92414169A00547D8F /* main.swift */,
			);
			path = "Minimum Swaps 2";
			sourceTree = "<group>";
		};
		5A74A403241416AF00547D8F /* Array Manipulation */ = {
			isa = PBXGroup;
			children = (
				5A74A404241416AF00547D8F /* main.swift */,
			);
			path = "Array Manipulation";
			sourceTree = "<group>";
		};
/* End PBXGroup section */

/* Begin PBXNativeTarget section */
		5A74A3D52414160A00547D8F /* 2D Array - DS */ = {
			isa = PBXNativeTarget;
			buildConfigurationList = 5A74A3DA2414160A00547D8F /* Build configuration list for PBXNativeTarget "2D Array - DS" */;
			buildPhases = (
				5A74A3D22414160A00547D8F /* Sources */,
				5A74A3D32414160A00547D8F /* Frameworks */,
				5A74A3D42414160A00547D8F /* CopyFiles */,
			);
			buildRules = (
			);
			dependencies = (
			);
			name = "2D Array - DS";
			productName = "2D Array - DS";
			productReference = 5A74A3D62414160A00547D8F /* 2D Array - DS */;
			productType = "com.apple.product-type.tool";
		};
		5A74A3E02414164900547D8F /* Arrays: Left Rotation */ = {
			isa = PBXNativeTarget;
			buildConfigurationList = 5A74A3E52414164900547D8F /* Build configuration list for PBXNativeTarget "Arrays: Left Rotation" */;
			buildPhases = (
				5A74A3DD2414164900547D8F /* Sources */,
				5A74A3DE2414164900547D8F /* Frameworks */,
				5A74A3DF2414164900547D8F /* CopyFiles */,
			);
			buildRules = (
			);
			dependencies = (
			);
			name = "Arrays: Left Rotation";
			productName = "Arrays: Left Rotation";
			productReference = 5A74A3E12414164900547D8F /* Arrays: Left Rotation */;
			productType = "com.apple.product-type.tool";
		};
		5A74A3EB2414168200547D8F /* New Year Chaos */ = {
			isa = PBXNativeTarget;
			buildConfigurationList = 5A74A3F02414168200547D8F /* Build configuration list for PBXNativeTarget "New Year Chaos" */;
			buildPhases = (
				5A74A3E82414168200547D8F /* Sources */,
				5A74A3E92414168200547D8F /* Frameworks */,
				5A74A3EA2414168200547D8F /* CopyFiles */,
			);
			buildRules = (
			);
			dependencies = (
			);
			name = "New Year Chaos";
			productName = "New Year Chaos";
			productReference = 5A74A3EC2414168200547D8F /* New Year Chaos */;
			productType = "com.apple.product-type.tool";
		};
		5A74A3F62414169A00547D8F /* Minimum Swaps 2 */ = {
			isa = PBXNativeTarget;
			buildConfigurationList = 5A74A3FB2414169A00547D8F /* Build configuration list for PBXNativeTarget "Minimum Swaps 2" */;
			buildPhases = (
				5A74A3F32414169A00547D8F /* Sources */,
				5A74A3F42414169A00547D8F /* Frameworks */,
				5A74A3F52414169A00547D8F /* CopyFiles */,
			);
			buildRules = (
			);
			dependencies = (
			);
			name = "Minimum Swaps 2";
			productName = "Minimum Swaps 2";
			productReference = 5A74A3F72414169A00547D8F /* Minimum Swaps 2 */;
			productType = "com.apple.product-type.tool";
		};
		5A74A401241416AF00547D8F /* Array Manipulation */ = {
			isa = PBXNativeTarget;
			buildConfigurationList = 5A74A406241416AF00547D8F /* Build configuration list for PBXNativeTarget "Array Manipulation" */;
			buildPhases = (
				5A74A3FE241416AF00547D8F /* Sources */,
				5A74A3FF241416AF00547D8F /* Frameworks */,
				5A74A400241416AF00547D8F /* CopyFiles */,
			);
			buildRules = (
			);
			dependencies = (
			);
			name = "Array Manipulation";
			productName = "Array Manipulation";
			productReference = 5A74A402241416AF00547D8F /* Array Manipulation */;
			productType = "com.apple.product-type.tool";
		};
/* End PBXNativeTarget section */

/* Begin PBXProject section */
		5A74A3C0241415C000547D8F /* Project object */ = {
			isa = PBXProject;
			attributes = {
				LastSwiftUpdateCheck = 1130;
				LastUpgradeCheck = 1130;
				ORGANIZATIONNAME = "Alexey Barton";
				TargetAttributes = {
					5A74A3D52414160A00547D8F = {
						CreatedOnToolsVersion = 11.3.1;
					};
					5A74A3E02414164900547D8F = {
						CreatedOnToolsVersion = 11.3.1;
					};
					5A74A3EB2414168200547D8F = {
						CreatedOnToolsVersion = 11.3.1;
					};
					5A74A3F62414169A00547D8F = {
						CreatedOnToolsVersion = 11.3.1;
					};
					5A74A401241416AF00547D8F = {
						CreatedOnToolsVersion = 11.3.1;
					};
				};
			};
			buildConfigurationList = 5A74A3C3241415C000547D8F /* Build configuration list for PBXProject "Arrays" */;
			compatibilityVersion = "Xcode 9.3";
			developmentRegion = en;
			hasScannedForEncodings = 0;
			knownRegions = (
				en,
				Base,
			);
			mainGroup = 5A74A3BF241415C000547D8F;
			productRefGroup = 5A74A3C9241415C000547D8F /* Products */;
			projectDirPath = "";
			projectRoot = "";
			targets = (
				5A74A3D52414160A00547D8F /* 2D Array - DS */,
				5A74A401241416AF00547D8F /* Array Manipulation */,
				5A74A3E02414164900547D8F /* Arrays: Left Rotation */,
				5A74A3F62414169A00547D8F /* Minimum Swaps 2 */,
				5A74A3EB2414168200547D8F /* New Year Chaos */,
			);
		};
/* End PBXProject section */

/* Begin PBXSourcesBuildPhase section */
		5A74A3D22414160A00547D8F /* Sources */ = {
			isa = PBXSourcesBuildPhase;
			buildActionMask = 2147483647;
			files = (
				5A74A3D92414160A00547D8F /* main.swift in Sources */,
			);
			runOnlyForDeploymentPostprocessing = 0;
		};
		5A74A3DD2414164900547D8F /* Sources */ = {
			isa = PBXSourcesBuildPhase;
			buildActionMask = 2147483647;
			files = (
				5A74A3E42414164900547D8F /* main.swift in Sources */,
			);
			runOnlyForDeploymentPostprocessing = 0;
		};
		5A74A3E82414168200547D8F /* Sources */ = {
			isa = PBXSourcesBuildPhase;
			buildActionMask = 2147483647;
			files = (
				5A74A3EF2414168200547D8F /* main.swift in Sources */,
			);
			runOnlyForDeploymentPostprocessing = 0;
		};
		5A74A3F32414169A00547D8F /* Sources */ = {
			isa = PBXSourcesBuildPhase;
			buildActionMask = 2147483647;
			files = (
				5A74A3FA2414169A00547D8F /* main.swift in Sources */,
			);
			runOnlyForDeploymentPostprocessing = 0;
		};
		5A74A3FE241416AF00547D8F /* Sources */ = {
			isa = PBXSourcesBuildPhase;
			buildActionMask = 2147483647;
			files = (
				5A74A405241416AF00547D8F /* main.swift in Sources */,
			);
			runOnlyForDeploymentPostprocessing = 0;
		};
/* End PBXSourcesBuildPhase section */

/* Begin XCBuildConfiguration section */
		5A74A3CD241415C000547D8F /* Debug */ = {
			isa = XCBuildConfiguration;
			buildSettings = {
				ALWAYS_SEARCH_USER_PATHS = NO;
				CLANG_ANALYZER_NONNULL = YES;
				CLANG_ANALYZER_NUMBER_OBJECT_CONVERSION = YES_AGGRESSIVE;
				CLANG_CXX_LANGUAGE_STANDARD = "gnu++14";
				CLANG_CXX_LIBRARY = "libc++";
				CLANG_ENABLE_MODULES = YES;
				CLANG_ENABLE_OBJC_ARC = YES;
				CLANG_ENABLE_OBJC_WEAK = YES;
				CLANG_WARN_BLOCK_CAPTURE_AUTORELEASING = YES;
				CLANG_WARN_BOOL_CONVERSION = YES;
				CLANG_WARN_COMMA = YES;
				CLANG_WARN_CONSTANT_CONVERSION = YES;
				CLANG_WARN_DEPRECATED_OBJC_IMPLEMENTATIONS = YES;
				CLANG_WARN_DIRECT_OBJC_ISA_USAGE = YES_ERROR;
				CLANG_WARN_DOCUMENTATION_COMMENTS = YES;
				CLANG_WARN_EMPTY_BODY = YES;
				CLANG_WARN_ENUM_CONVERSION = YES;
				CLANG_WARN_INFINITE_RECURSION = YES;
				CLANG_WARN_INT_CONVERSION = YES;
				CLANG_WARN_NON_LITERAL_NULL_CONVERSION = YES;
				CLANG_WARN_OBJC_IMPLICIT_RETAIN_SELF = YES;
				CLANG_WARN_OBJC_LITERAL_CONVERSION = YES;
				CLANG_WARN_OBJC_ROOT_CLASS = YES_ERROR;
				CLANG_WARN_RANGE_LOOP_ANALYSIS = YES;
				CLANG_WARN_STRICT_PROTOTYPES = YES;
				CLANG_WARN_SUSPICIOUS_MOVE = YES;
				CLANG_WARN_UNGUARDED_AVAILABILITY = YES_AGGRESSIVE;
				CLANG_WARN_UNREACHABLE_CODE = YES;
				CLANG_WARN__DUPLICATE_METHOD_MATCH = YES;
				COPY_PHASE_STRIP = NO;
				DEBUG_INFORMATION_FORMAT = dwarf;
				ENABLE_STRICT_OBJC_MSGSEND = YES;
				ENABLE_TESTABILITY = YES;
				GCC_C_LANGUAGE_STANDARD = gnu11;
				GCC_DYNAMIC_NO_PIC = NO;
				GCC_NO_COMMON_BLOCKS = YES;
				GCC_OPTIMIZATION_LEVEL = 0;
				GCC_PREPROCESSOR_DEFINITIONS = (
					"DEBUG=1",
					"$(inherited)",
				);
				GCC_WARN_64_TO_32_BIT_CONVERSION = YES;
				GCC_WARN_ABOUT_RETURN_TYPE = YES_ERROR;
				GCC_WARN_UNDECLARED_SELECTOR = YES;
				GCC_WARN_UNINITIALIZED_AUTOS = YES_AGGRESSIVE;
				GCC_WARN_UNUSED_FUNCTION = YES;
				GCC_WARN_UNUSED_VARIABLE = YES;
				MACOSX_DEPLOYMENT_TARGET = 10.15;
				MTL_ENABLE_DEBUG_INFO = INCLUDE_SOURCE;
				MTL_FAST_MATH = YES;
				ONLY_ACTIVE_ARCH = YES;
				SDKROOT = macosx;
				SWIFT_ACTIVE_COMPILATION_CONDITIONS = DEBUG;
				SWIFT_OPTIMIZATION_LEVEL = "-Onone";
			};
			name = Debug;
		};
		5A74A3CE241415C000547D8F /* Release */ = {
			isa = XCBuildConfiguration;
			buildSettings = {
				ALWAYS_SEARCH_USER_PATHS = NO;
				CLANG_ANALYZER_NONNULL = YES;
				CLANG_ANALYZER_NUMBER_OBJECT_CONVERSION = YES_AGGRESSIVE;
				CLANG_CXX_LANGUAGE_STANDARD = "gnu++14";
				CLANG_CXX_LIBRARY = "libc++";
				CLANG_ENABLE_MODULES = YES;
				CLANG_ENABLE_OBJC_ARC = YES;
				CLANG_ENABLE_OBJC_WEAK = YES;
				CLANG_WARN_BLOCK_CAPTURE_AUTORELEASING = YES;
				CLANG_WARN_BOOL_CONVERSION = YES;
				CLANG_WARN_COMMA = YES;
				CLANG_WARN_CONSTANT_CONVERSION = YES;
				CLANG_WARN_DEPRECATED_OBJC_IMPLEMENTATIONS = YES;
				CLANG_WARN_DIRECT_OBJC_ISA_USAGE = YES_ERROR;
				CLANG_WARN_DOCUMENTATION_COMMENTS = YES;
				CLANG_WARN_EMPTY_BODY = YES;
				CLANG_WARN_ENUM_CONVERSION = YES;
				CLANG_WARN_INFINITE_RECURSION = YES;
				CLANG_WARN_INT_CONVERSION = YES;
				CLANG_WARN_NON_LITERAL_NULL_CONVERSION = YES;
				CLANG_WARN_OBJC_IMPLICIT_RETAIN_SELF = YES;
				CLANG_WARN_OBJC_LITERAL_CONVERSION = YES;
				CLANG_WARN_OBJC_ROOT_CLASS = YES_ERROR;
				CLANG_WARN_RANGE_LOOP_ANALYSIS = YES;
				CLANG_WARN_STRICT_PROTOTYPES = YES;
				CLANG_WARN_SUSPICIOUS_MOVE = YES;
				CLANG_WARN_UNGUARDED_AVAILABILITY = YES_AGGRESSIVE;
				CLANG_WARN_UNREACHABLE_CODE = YES;
				CLANG_WARN__DUPLICATE_METHOD_MATCH = YES;
				COPY_PHASE_STRIP = NO;
				DEBUG_INFORMATION_FORMAT = "dwarf-with-dsym";
				ENABLE_NS_ASSERTIONS = NO;
				ENABLE_STRICT_OBJC_MSGSEND = YES;
				GCC_C_LANGUAGE_STANDARD = gnu11;
				GCC_NO_COMMON_BLOCKS = YES;
				GCC_WARN_64_TO_32_BIT_CONVERSION = YES;
				GCC_WARN_ABOUT_RETURN_TYPE = YES_ERROR;
				GCC_WARN_UNDECLARED_SELECTOR = YES;
				GCC_WARN_UNINITIALIZED_AUTOS = YES_AGGRESSIVE;
				GCC_WARN_UNUSED_FUNCTION = YES;
				GCC_WARN_UNUSED_VARIABLE = YES;
				MACOSX_DEPLOYMENT_TARGET = 10.15;
				MTL_ENABLE_DEBUG_INFO = NO;
				MTL_FAST_MATH = YES;
				SDKROOT = macosx;
				SWIFT_COMPILATION_MODE = wholemodule;
				SWIFT_OPTIMIZATION_LEVEL = "-O";
			};
			name = Release;
		};
		5A74A3DB2414160A00547D8F /* Debug */ = {
			isa = XCBuildConfiguration;
			buildSettings = {
				CODE_SIGN_STYLE = Automatic;
				PRODUCT_NAME = "$(TARGET_NAME)";
				SWIFT_VERSION = 5.0;
			};
			name = Debug;
		};
		5A74A3DC2414160A00547D8F /* Release */ = {
			isa = XCBuildConfiguration;
			buildSettings = {
				CODE_SIGN_STYLE = Automatic;
				PRODUCT_NAME = "$(TARGET_NAME)";
				SWIFT_VERSION = 5.0;
			};
			name = Release;
		};
		5A74A3E62414164900547D8F /* Debug */ = {
			isa = XCBuildConfiguration;
			buildSettings = {
				CODE_SIGN_STYLE = Automatic;
				PRODUCT_NAME = "$(TARGET_NAME)";
				SWIFT_VERSION = 5.0;
			};
			name = Debug;
		};
		5A74A3E72414164900547D8F /* Release */ = {
			isa = XCBuildConfiguration;
			buildSettings = {
				CODE_SIGN_STYLE = Automatic;
				PRODUCT_NAME = "$(TARGET_NAME)";
				SWIFT_VERSION = 5.0;
			};
			name = Release;
		};
		5A74A3F12414168200547D8F /* Debug */ = {
			isa = XCBuildConfiguration;
			buildSettings = {
				CODE_SIGN_STYLE = Automatic;
				PRODUCT_NAME = "$(TARGET_NAME)";
				SWIFT_VERSION = 5.0;
			};
			name = Debug;
		};
		5A74A3F22414168200547D8F /* Release */ = {
			isa = XCBuildConfiguration;
			buildSettings = {
				CODE_SIGN_STYLE = Automatic;
				PRODUCT_NAME = "$(TARGET_NAME)";
				SWIFT_VERSION = 5.0;
			};
			name = Release;
		};
		5A74A3FC2414169A00547D8F /* Debug */ = {
			isa = XCBuildConfiguration;
			buildSettings = {
				CODE_SIGN_STYLE = Automatic;
				PRODUCT_NAME = "$(TARGET_NAME)";
				SWIFT_VERSION = 5.0;
			};
			name = Debug;
		};
		5A74A3FD2414169A00547D8F /* Release */ = {
			isa = XCBuildConfiguration;
			buildSettings = {
				CODE_SIGN_STYLE = Automatic;
				PRODUCT_NAME = "$(TARGET_NAME)";
				SWIFT_VERSION = 5.0;
			};
			name = Release;
		};
		5A74A407241416AF00547D8F /* Debug */ = {
			isa = XCBuildConfiguration;
			buildSettings = {
				CODE_SIGN_STYLE = Automatic;
				PRODUCT_NAME = "$(TARGET_NAME)";
				SWIFT_VERSION = 5.0;
			};
			name = Debug;
		};
		5A74A408241416AF00547D8F /* Release */ = {
			isa = XCBuildConfiguration;
			buildSettings = {
				CODE_SIGN_STYLE = Automatic;
				PRODUCT_NAME = "$(TARGET_NAME)";
				SWIFT_VERSION = 5.0;
			};
			name = Release;
		};
/* End XCBuildConfiguration section */

/* Begin XCConfigurationList section */
		5A74A3C3241415C000547D8F /* Build configuration list for PBXProject "Arrays" */ = {
			isa = XCConfigurationList;
			buildConfigurations = (
				5A74A3CD241415C000547D8F /* Debug */,
				5A74A3CE241415C000547D8F /* Release */,
			);
			defaultConfigurationIsVisible = 0;
			defaultConfigurationName = Release;
		};
		5A74A3DA2414160A00547D8F /* Build configuration list for PBXNativeTarget "2D Array - DS" */ = {
			isa = XCConfigurationList;
			buildConfigurations = (
				5A74A3DB2414160A00547D8F /* Debug */,
				5A74A3DC2414160A00547D8F /* Release */,
			);
			defaultConfigurationIsVisible = 0;
			defaultConfigurationName = Release;
		};
		5A74A3E52414164900547D8F /* Build configuration list for PBXNativeTarget "Arrays: Left Rotation" */ = {
			isa = XCConfigurationList;
			buildConfigurations = (
				5A74A3E62414164900547D8F /* Debug */,
				5A74A3E72414164900547D8F /* Release */,
			);
			defaultConfigurationIsVisible = 0;
			defaultConfigurationName = Release;
		};
		5A74A3F02414168200547D8F /* Build configuration list for PBXNativeTarget "New Year Chaos" */ = {
			isa = XCConfigurationList;
			buildConfigurations = (
				5A74A3F12414168200547D8F /* Debug */,
				5A74A3F22414168200547D8F /* Release */,
			);
			defaultConfigurationIsVisible = 0;
			defaultConfigurationName = Release;
		};
		5A74A3FB2414169A00547D8F /* Build configuration list for PBXNativeTarget "Minimum Swaps 2" */ = {
			isa = XCConfigurationList;
			buildConfigurations = (
				5A74A3FC2414169A00547D8F /* Debug */,
				5A74A3FD2414169A00547D8F /* Release */,
			);
			defaultConfigurationIsVisible = 0;
			defaultConfigurationName = Release;
		};
		5A74A406241416AF00547D8F /* Build configuration list for PBXNativeTarget "Array Manipulation" */ = {
			isa = XCConfigurationList;
			buildConfigurations = (
				5A74A407241416AF00547D8F /* Debug */,
				5A74A408241416AF00547D8F /* Release */,
			);
			defaultConfigurationIsVisible = 0;
			defaultConfigurationName = Release;
		};
/* End XCConfigurationList section */
	};
	rootObject = 5A74A3C0241415C000547D8F /* Project object */;
}
